// !$*UTF8*$!
{
	archiveVersion = 1;
	classes = {
	};
	objectVersion = 50;
	objects = {

/* Begin PBXBuildFile section */
		FB95A04723D87E5F00CBDCE4 /* BoostTableViewCell.swift in Sources */ = {isa = PBXBuildFile; fileRef = FB95A04623D87E5F00CBDCE4 /* BoostTableViewCell.swift */; };
		FB95A04923D87E7800CBDCE4 /* BoostTableViewCell.xib in Resources */ = {isa = PBXBuildFile; fileRef = FB95A04823D87E7800CBDCE4 /* BoostTableViewCell.xib */; };
		FB95A04B23D8910800CBDCE4 /* BoostItem.swift in Sources */ = {isa = PBXBuildFile; fileRef = FB95A04A23D8910800CBDCE4 /* BoostItem.swift */; };
		FBFDDA1423C92B0400CF8573 /* AppDelegate.swift in Sources */ = {isa = PBXBuildFile; fileRef = FBFDDA1323C92B0400CF8573 /* AppDelegate.swift */; };
		FBFDDA1623C92B0400CF8573 /* SceneDelegate.swift in Sources */ = {isa = PBXBuildFile; fileRef = FBFDDA1523C92B0400CF8573 /* SceneDelegate.swift */; };
		FBFDDA1823C92B0400CF8573 /* ViewController.swift in Sources */ = {isa = PBXBuildFile; fileRef = FBFDDA1723C92B0400CF8573 /* ViewController.swift */; };
		FBFDDA1B23C92B0400CF8573 /* Main.storyboard in Resources */ = {isa = PBXBuildFile; fileRef = FBFDDA1923C92B0400CF8573 /* Main.storyboard */; };
		FBFDDA1E23C92B0400CF8573 /* BasketballShooter.xcdatamodeld in Sources */ = {isa = PBXBuildFile; fileRef = FBFDDA1C23C92B0400CF8573 /* BasketballShooter.xcdatamodeld */; };
		FBFDDA2023C92B0A00CF8573 /* Assets.xcassets in Resources */ = {isa = PBXBuildFile; fileRef = FBFDDA1F23C92B0A00CF8573 /* Assets.xcassets */; };
		FBFDDA2323C92B0A00CF8573 /* LaunchScreen.storyboard in Resources */ = {isa = PBXBuildFile; fileRef = FBFDDA2123C92B0A00CF8573 /* LaunchScreen.storyboard */; };
/* End PBXBuildFile section */

/* Begin PBXFileReference section */
		FB95A04623D87E5F00CBDCE4 /* BoostTableViewCell.swift */ = {isa = PBXFileReference; lastKnownFileType = sourcecode.swift; path = BoostTableViewCell.swift; sourceTree = "<group>"; };
		FB95A04823D87E7800CBDCE4 /* BoostTableViewCell.xib */ = {isa = PBXFileReference; lastKnownFileType = file.xib; path = BoostTableViewCell.xib; sourceTree = "<group>"; };
		FB95A04A23D8910800CBDCE4 /* BoostItem.swift */ = {isa = PBXFileReference; lastKnownFileType = sourcecode.swift; path = BoostItem.swift; sourceTree = "<group>"; };
		FBFDDA1023C92B0400CF8573 /* BasketballShooter.app */ = {isa = PBXFileReference; explicitFileType = wrapper.application; includeInIndex = 0; path = BasketballShooter.app; sourceTree = BUILT_PRODUCTS_DIR; };
		FBFDDA1323C92B0400CF8573 /* AppDelegate.swift */ = {isa = PBXFileReference; lastKnownFileType = sourcecode.swift; path = AppDelegate.swift; sourceTree = "<group>"; };
		FBFDDA1523C92B0400CF8573 /* SceneDelegate.swift */ = {isa = PBXFileReference; lastKnownFileType = sourcecode.swift; path = SceneDelegate.swift; sourceTree = "<group>"; };
		FBFDDA1723C92B0400CF8573 /* ViewController.swift */ = {isa = PBXFileReference; lastKnownFileType = sourcecode.swift; path = ViewController.swift; sourceTree = "<group>"; };
		FBFDDA1A23C92B0400CF8573 /* Base */ = {isa = PBXFileReference; lastKnownFileType = file.storyboard; name = Base; path = Base.lproj/Main.storyboard; sourceTree = "<group>"; };
		FBFDDA1D23C92B0400CF8573 /* BasketballShooter.xcdatamodel */ = {isa = PBXFileReference; lastKnownFileType = wrapper.xcdatamodel; path = BasketballShooter.xcdatamodel; sourceTree = "<group>"; };
		FBFDDA1F23C92B0A00CF8573 /* Assets.xcassets */ = {isa = PBXFileReference; lastKnownFileType = folder.assetcatalog; path = Assets.xcassets; sourceTree = "<group>"; };
		FBFDDA2223C92B0A00CF8573 /* Base */ = {isa = PBXFileReference; lastKnownFileType = file.storyboard; name = Base; path = Base.lproj/LaunchScreen.storyboard; sourceTree = "<group>"; };
		FBFDDA2423C92B0A00CF8573 /* Info.plist */ = {isa = PBXFileReference; lastKnownFileType = text.plist.xml; path = Info.plist; sourceTree = "<group>"; };
/* End PBXFileReference section */

/* Begin PBXFrameworksBuildPhase section */
		FBFDDA0D23C92B0400CF8573 /* Frameworks */ = {
			isa = PBXFrameworksBuildPhase;
			buildActionMask = 2147483647;
			files = (
			);
			runOnlyForDeploymentPostprocessing = 0;
		};
/* End PBXFrameworksBuildPhase section */

/* Begin PBXGroup section */
		FBFDDA0723C92B0400CF8573 = {
			isa = PBXGroup;
			children = (
				FBFDDA1223C92B0400CF8573 /* BasketballShooter */,
				FBFDDA1123C92B0400CF8573 /* Products */,
			);
			sourceTree = "<group>";
		};
		FBFDDA1123C92B0400CF8573 /* Products */ = {
			isa = PBXGroup;
			children = (
				FBFDDA1023C92B0400CF8573 /* BasketballShooter.app */,
			);
			name = Products;
			sourceTree = "<group>";
		};
		FBFDDA1223C92B0400CF8573 /* BasketballShooter */ = {
			isa = PBXGroup;
			children = (
				FBFDDA1323C92B0400CF8573 /* AppDelegate.swift */,
				FBFDDA1523C92B0400CF8573 /* SceneDelegate.swift */,
				FBFDDA1923C92B0400CF8573 /* Main.storyboard */,
				FB95A04823D87E7800CBDCE4 /* BoostTableViewCell.xib */,
				FBFDDA1723C92B0400CF8573 /* ViewController.swift */,
				FB95A04623D87E5F00CBDCE4 /* BoostTableViewCell.swift */,
				FB95A04A23D8910800CBDCE4 /* BoostItem.swift */,
				FBFDDA1F23C92B0A00CF8573 /* Assets.xcassets */,
				FBFDDA2123C92B0A00CF8573 /* LaunchScreen.storyboard */,
				FBFDDA2423C92B0A00CF8573 /* Info.plist */,
				FBFDDA1C23C92B0400CF8573 /* BasketballShooter.xcdatamodeld */,
			);
			path = BasketballShooter;
			sourceTree = "<group>";
		};
/* End PBXGroup section */

/* Begin PBXNativeTarget section */
		FBFDDA0F23C92B0400CF8573 /* BasketballShooter */ = {
			isa = PBXNativeTarget;
			buildConfigurationList = FBFDDA2723C92B0A00CF8573 /* Build configuration list for PBXNativeTarget "BasketballShooter" */;
			buildPhases = (
				FBFDDA0C23C92B0400CF8573 /* Sources */,
				FBFDDA0D23C92B0400CF8573 /* Frameworks */,
				FBFDDA0E23C92B0400CF8573 /* Resources */,
			);
			buildRules = (
			);
			dependencies = (
			);
			name = BasketballShooter;
			productName = BasketballShooter;
			productReference = FBFDDA1023C92B0400CF8573 /* BasketballShooter.app */;
			productType = "com.apple.product-type.application";
		};
/* End PBXNativeTarget section */

/* Begin PBXProject section */
		FBFDDA0823C92B0400CF8573 /* Project object */ = {
			isa = PBXProject;
			attributes = {
				LastSwiftUpdateCheck = 1130;
				LastUpgradeCheck = 1130;
				ORGANIZATIONNAME = "Creative League";
				TargetAttributes = {
					FBFDDA0F23C92B0400CF8573 = {
						CreatedOnToolsVersion = 11.3;
					};
				};
			};
			buildConfigurationList = FBFDDA0B23C92B0400CF8573 /* Build configuration list for PBXProject "Basketball Shooter" */;
			compatibilityVersion = "Xcode 9.3";
			developmentRegion = en;
			hasScannedForEncodings = 0;
			knownRegions = (
				en,
				Base,
			);
			mainGroup = FBFDDA0723C92B0400CF8573;
			productRefGroup = FBFDDA1123C92B0400CF8573 /* Products */;
			projectDirPath = "";
			projectRoot = "";
			targets = (
				FBFDDA0F23C92B0400CF8573 /* BasketballShooter */,
			);
		};
/* End PBXProject section */

/* Begin PBXResourcesBuildPhase section */
		FBFDDA0E23C92B0400CF8573 /* Resources */ = {
			isa = PBXResourcesBuildPhase;
			buildActionMask = 2147483647;
			files = (
				FBFDDA2323C92B0A00CF8573 /* LaunchScreen.storyboard in Resources */,
				FB95A04923D87E7800CBDCE4 /* BoostTableViewCell.xib in Resources */,
				FBFDDA2023C92B0A00CF8573 /* Assets.xcassets in Resources */,
				FBFDDA1B23C92B0400CF8573 /* Main.storyboard in Resources */,
			);
			runOnlyForDeploymentPostprocessing = 0;
		};
/* End PBXResourcesBuildPhase section */

/* Begin PBXSourcesBuildPhase section */
		FBFDDA0C23C92B0400CF8573 /* Sources */ = {
			isa = PBXSourcesBuildPhase;
			buildActionMask = 2147483647;
			files = (
				FB95A04B23D8910800CBDCE4 /* BoostItem.swift in Sources */,
				FB95A04723D87E5F00CBDCE4 /* BoostTableViewCell.swift in Sources */,
				FBFDDA1823C92B0400CF8573 /* ViewController.swift in Sources */,
				FBFDDA1423C92B0400CF8573 /* AppDelegate.swift in Sources */,
				FBFDDA1623C92B0400CF8573 /* SceneDelegate.swift in Sources */,
				FBFDDA1E23C92B0400CF8573 /* BasketballShooter.xcdatamodeld in Sources */,
			);
			runOnlyForDeploymentPostprocessing = 0;
		};
/* End PBXSourcesBuildPhase section */

/* Begin PBXVariantGroup section */
		FBFDDA1923C92B0400CF8573 /* Main.storyboard */ = {
			isa = PBXVariantGroup;
			children = (
				FBFDDA1A23C92B0400CF8573 /* Base */,
			);
			name = Main.storyboard;
			sourceTree = "<group>";
		};
		FBFDDA2123C92B0A00CF8573 /* LaunchScreen.storyboard */ = {
			isa = PBXVariantGroup;
			children = (
				FBFDDA2223C92B0A00CF8573 /* Base */,
			);
			name = LaunchScreen.storyboard;
			sourceTree = "<group>";
		};
/* End PBXVariantGroup section */

/* Begin XCBuildConfiguration section */
		FBFDDA2523C92B0A00CF8573 /* Debug */ = {
			isa = XCBuildConfiguration;
			buildSettings = {
				ALWAYS_SEARCH_USER_PATHS = NO;
				CLANG_ANALYZER_NONNULL = YES;
				CLANG_ANALYZER_NUMBER_OBJECT_CONVERSION = YES_AGGRESSIVE;
				CLANG_CXX_LANGUAGE_STANDARD = "gnu++14";
				CLANG_CXX_LIBRARY = "libc++";
				CLANG_ENABLE_MODULES = YES;
				CLANG_ENABLE_OBJC_ARC = YES;
				CLANG_ENABLE_OBJC_WEAK = YES;
				CLANG_WARN_BLOCK_CAPTURE_AUTORELEASING = YES;
				CLANG_WARN_BOOL_CONVERSION = YES;
				CLANG_WARN_COMMA = YES;
				CLANG_WARN_CONSTANT_CONVERSION = YES;
				CLANG_WARN_DEPRECATED_OBJC_IMPLEMENTATIONS = YES;
				CLANG_WARN_DIRECT_OBJC_ISA_USAGE = YES_ERROR;
				CLANG_WARN_DOCUMENTATION_COMMENTS = YES;
				CLANG_WARN_EMPTY_BODY = YES;
				CLANG_WARN_ENUM_CONVERSION = YES;
				CLANG_WARN_INFINITE_RECURSION = YES;
				CLANG_WARN_INT_CONVERSION = YES;
				CLANG_WARN_NON_LITERAL_NULL_CONVERSION = YES;
				CLANG_WARN_OBJC_IMPLICIT_RETAIN_SELF = YES;
				CLANG_WARN_OBJC_LITERAL_CONVERSION = YES;
				CLANG_WARN_OBJC_ROOT_CLASS = YES_ERROR;
				CLANG_WARN_RANGE_LOOP_ANALYSIS = YES;
				CLANG_WARN_STRICT_PROTOTYPES = YES;
				CLANG_WARN_SUSPICIOUS_MOVE = YES;
				CLANG_WARN_UNGUARDED_AVAILABILITY = YES_AGGRESSIVE;
				CLANG_WARN_UNREACHABLE_CODE = YES;
				CLANG_WARN__DUPLICATE_METHOD_MATCH = YES;
				COPY_PHASE_STRIP = NO;
				DEBUG_INFORMATION_FORMAT = dwarf;
				ENABLE_STRICT_OBJC_MSGSEND = YES;
				ENABLE_TESTABILITY = YES;
				GCC_C_LANGUAGE_STANDARD = gnu11;
				GCC_DYNAMIC_NO_PIC = NO;
				GCC_NO_COMMON_BLOCKS = YES;
				GCC_OPTIMIZATION_LEVEL = 0;
				GCC_PREPROCESSOR_DEFINITIONS = (
					"DEBUG=1",
					"$(inherited)",
				);
				GCC_WARN_64_TO_32_BIT_CONVERSION = YES;
				GCC_WARN_ABOUT_RETURN_TYPE = YES_ERROR;
				GCC_WARN_UNDECLARED_SELECTOR = YES;
				GCC_WARN_UNINITIALIZED_AUTOS = YES_AGGRESSIVE;
				GCC_WARN_UNUSED_FUNCTION = YES;
				GCC_WARN_UNUSED_VARIABLE = YES;
				IPHONEOS_DEPLOYMENT_TARGET = 13.2;
				MTL_ENABLE_DEBUG_INFO = INCLUDE_SOURCE;
				MTL_FAST_MATH = YES;
				ONLY_ACTIVE_ARCH = YES;
				SDKROOT = iphoneos;
				SWIFT_ACTIVE_COMPILATION_CONDITIONS = DEBUG;
				SWIFT_OPTIMIZATION_LEVEL = "-Onone";
			};
			name = Debug;
		};
		FBFDDA2623C92B0A00CF8573 /* Release */ = {
			isa = XCBuildConfiguration;
			buildSettings = {
				ALWAYS_SEARCH_USER_PATHS = NO;
				CLANG_ANALYZER_NONNULL = YES;
				CLANG_ANALYZER_NUMBER_OBJECT_CONVERSION = YES_AGGRESSIVE;
				CLANG_CXX_LANGUAGE_STANDARD = "gnu++14";
				CLANG_CXX_LIBRARY = "libc++";
				CLANG_ENABLE_MODULES = YES;
				CLANG_ENABLE_OBJC_ARC = YES;
				CLANG_ENABLE_OBJC_WEAK = YES;
				CLANG_WARN_BLOCK_CAPTURE_AUTORELEASING = YES;
				CLANG_WARN_BOOL_CONVERSION = YES;
				CLANG_WARN_COMMA = YES;
				CLANG_WARN_CONSTANT_CONVERSION = YES;
				CLANG_WARN_DEPRECATED_OBJC_IMPLEMENTATIONS = YES;
				CLANG_WARN_DIRECT_OBJC_ISA_USAGE = YES_ERROR;
				CLANG_WARN_DOCUMENTATION_COMMENTS = YES;
				CLANG_WARN_EMPTY_BODY = YES;
				CLANG_WARN_ENUM_CONVERSION = YES;
				CLANG_WARN_INFINITE_RECURSION = YES;
				CLANG_WARN_INT_CONVERSION = YES;
				CLANG_WARN_NON_LITERAL_NULL_CONVERSION = YES;
				CLANG_WARN_OBJC_IMPLICIT_RETAIN_SELF = YES;
				CLANG_WARN_OBJC_LITERAL_CONVERSION = YES;
				CLANG_WARN_OBJC_ROOT_CLASS = YES_ERROR;
				CLANG_WARN_RANGE_LOOP_ANALYSIS = YES;
				CLANG_WARN_STRICT_PROTOTYPES = YES;
				CLANG_WARN_SUSPICIOUS_MOVE = YES;
				CLANG_WARN_UNGUARDED_AVAILABILITY = YES_AGGRESSIVE;
				CLANG_WARN_UNREACHABLE_CODE = YES;
				CLANG_WARN__DUPLICATE_METHOD_MATCH = YES;
				COPY_PHASE_STRIP = NO;
				DEBUG_INFORMATION_FORMAT = "dwarf-with-dsym";
				ENABLE_NS_ASSERTIONS = NO;
				ENABLE_STRICT_OBJC_MSGSEND = YES;
				GCC_C_LANGUAGE_STANDARD = gnu11;
				GCC_NO_COMMON_BLOCKS = YES;
				GCC_WARN_64_TO_32_BIT_CONVERSION = YES;
				GCC_WARN_ABOUT_RETURN_TYPE = YES_ERROR;
				GCC_WARN_UNDECLARED_SELECTOR = YES;
				GCC_WARN_UNINITIALIZED_AUTOS = YES_AGGRESSIVE;
				GCC_WARN_UNUSED_FUNCTION = YES;
				GCC_WARN_UNUSED_VARIABLE = YES;
				IPHONEOS_DEPLOYMENT_TARGET = 13.2;
				MTL_ENABLE_DEBUG_INFO = NO;
				MTL_FAST_MATH = YES;
				SDKROOT = iphoneos;
				SWIFT_COMPILATION_MODE = wholemodule;
				SWIFT_OPTIMIZATION_LEVEL = "-O";
				VALIDATE_PRODUCT = YES;
			};
			name = Release;
		};
		FBFDDA2823C92B0A00CF8573 /* Debug */ = {
			isa = XCBuildConfiguration;
			buildSettings = {
				ASSETCATALOG_COMPILER_APPICON_NAME = AppIcon;
				CODE_SIGN_STYLE = Automatic;
				INFOPLIST_FILE = BasketballShooter/Info.plist;
				IPHONEOS_DEPLOYMENT_TARGET = 13.2;
				LD_RUNPATH_SEARCH_PATHS = (
					"$(inherited)",
					"@executable_path/Frameworks",
				);
				PRODUCT_BUNDLE_IDENTIFIER = com.CreativeLeague.BasketballShooter;
				PRODUCT_NAME = "$(TARGET_NAME)";
				SWIFT_VERSION = 5.0;
				TARGETED_DEVICE_FAMILY = "1,2";
			};
			name = Debug;
		};
		FBFDDA2923C92B0A00CF8573 /* Release */ = {
			isa = XCBuildConfiguration;
			buildSettings = {
				ASSETCATALOG_COMPILER_APPICON_NAME = AppIcon;
				CODE_SIGN_STYLE = Automatic;
				INFOPLIST_FILE = BasketballShooter/Info.plist;
				IPHONEOS_DEPLOYMENT_TARGET = 13.2;
				LD_RUNPATH_SEARCH_PATHS = (
					"$(inherited)",
					"@executable_path/Frameworks",
				);
				PRODUCT_BUNDLE_IDENTIFIER = com.CreativeLeague.BasketballShooter;
				PRODUCT_NAME = "$(TARGET_NAME)";
				SWIFT_VERSION = 5.0;
				TARGETED_DEVICE_FAMILY = "1,2";
			};
			name = Release;
		};
/* End XCBuildConfiguration section */

/* Begin XCConfigurationList section */
		FBFDDA0B23C92B0400CF8573 /* Build configuration list for PBXProject "Basketball Shooter" */ = {
			isa = XCConfigurationList;
			buildConfigurations = (
				FBFDDA2523C92B0A00CF8573 /* Debug */,
				FBFDDA2623C92B0A00CF8573 /* Release */,
			);
			defaultConfigurationIsVisible = 0;
			defaultConfigurationName = Release;
		};
		FBFDDA2723C92B0A00CF8573 /* Build configuration list for PBXNativeTarget "BasketballShooter" */ = {
			isa = XCConfigurationList;
			buildConfigurations = (
				FBFDDA2823C92B0A00CF8573 /* Debug */,
				FBFDDA2923C92B0A00CF8573 /* Release */,
			);
			defaultConfigurationIsVisible = 0;
			defaultConfigurationName = Release;
		};
/* End XCConfigurationList section */

/* Begin XCVersionGroup section */
		FBFDDA1C23C92B0400CF8573 /* BasketballShooter.xcdatamodeld */ = {
			isa = XCVersionGroup;
			children = (
				FBFDDA1D23C92B0400CF8573 /* BasketballShooter.xcdatamodel */,
			);
			currentVersion = FBFDDA1D23C92B0400CF8573 /* BasketballShooter.xcdatamodel */;
			path = BasketballShooter.xcdatamodeld;
			sourceTree = "<group>";
			versionGroupType = wrapper.xcdatamodel;
		};
/* End XCVersionGroup section */
	};
	rootObject = FBFDDA0823C92B0400CF8573 /* Project object */;
}
